
Microsoft Visual Studio Solution File, Format Version 12.00
# Visual Studio Version 17
VisualStudioVersion = 17.11.35222.181
MinimumVisualStudioVersion = 10.0.40219.1
Project("{FAE04EC0-301F-11D3-BF4B-00C04F79EFBC}") = "pr1ISRPO", "pr1ISRPO\pr1ISRPO.csproj", "{8C136BAD-B364-40CE-BDD4-4AC5B535E97F}"
EndProject
Global
	GlobalSection(SolutionConfigurationPlatforms) = preSolution
		Debug|Any CPU = Debug|Any CPU
		Release|Any CPU = Release|Any CPU
	EndGlobalSection
	GlobalSection(ProjectConfigurationPlatforms) = postSolution
		{8C136BAD-B364-40CE-BDD4-4AC5B535E97F}.Debug|Any CPU.ActiveCfg = Debug|Any CPU
		{8C136BAD-B364-40CE-BDD4-4AC5B535E97F}.Debug|Any CPU.Build.0 = Debug|Any CPU
		{8C136BAD-B364-40CE-BDD4-4AC5B535E97F}.Release|Any CPU.ActiveCfg = Release|Any CPU
		{8C136BAD-B364-40CE-BDD4-4AC5B535E97F}.Release|Any CPU.Build.0 = Release|Any CPU
	EndGlobalSection
	GlobalSection(SolutionProperties) = preSolution
		HideSolutionNode = FALSE
	EndGlobalSection
	GlobalSection(ExtensibilityGlobals) = postSolution
		SolutionGuid = {6F818D96-CC6E-41E1-9267-9F738BE53F66}
	EndGlobalSection
EndGlobal
